
Microsoft Visual Studio Solution File, Format Version 12.00
# Visual Studio Version 17
VisualStudioVersion = 17.0.31903.59
MinimumVisualStudioVersion = 10.0.40219.1
Project("{FAE04EC0-301F-11D3-BF4B-00C04F79EFBC}") = "KinesisSampleApp", "KinesisSampleApp\KinesisSampleApp.csproj", "{125A710E-50D8-4B8E-9DA6-F3D95A7CCC7D}"
EndProject
Global
	GlobalSection(SolutionConfigurationPlatforms) = preSolution
		Debug|Any CPU = Debug|Any CPU
		Release|Any CPU = Release|Any CPU
	EndGlobalSection
	GlobalSection(SolutionProperties) = preSolution
		HideSolutionNode = FALSE
	EndGlobalSection
	GlobalSection(ProjectConfigurationPlatforms) = postSolution
		{125A710E-50D8-4B8E-9DA6-F3D95A7CCC7D}.Debug|Any CPU.ActiveCfg = Debug|Any CPU
		{125A710E-50D8-4B8E-9DA6-F3D95A7CCC7D}.Debug|Any CPU.Build.0 = Debug|Any CPU
		{125A710E-50D8-4B8E-9DA6-F3D95A7CCC7D}.Release|Any CPU.ActiveCfg = Release|Any CPU
		{125A710E-50D8-4B8E-9DA6-F3D95A7CCC7D}.Release|Any CPU.Build.0 = Release|Any CPU
	EndGlobalSection
EndGlobal
